
Microsoft Visual Studio Solution File, Format Version 12.00
# Visual Studio 15
VisualStudioVersion = 15.0.28307.852
MinimumVisualStudioVersion = 10.0.40219.1
Project("{9A19103F-16F7-4668-BE54-9A1E7A4F7556}") = "ConsoleApp", "ConsoleApp2\ConsoleApp.csproj", "{2D02A5C6-1885-411A-98C2-EE034CF1AD5B}"
EndProject
Project("{9A19103F-16F7-4668-BE54-9A1E7A4F7556}") = "Lab2", "Lab2\Lab2.csproj", "{84AB3BC1-9EFC-4222-A8EB-9BC4376FE0B9}"
EndProject
Project("{FAE04EC0-301F-11D3-BF4B-00C04F79EFBC}") = "Lab4", "Lab4\Lab4.csproj", "{399E492B-A572-4D5E-A782-3F932F48669F}"
EndProject
Project("{FAE04EC0-301F-11D3-BF4B-00C04F79EFBC}") = "Lab5", "Lab5\Lab5.csproj", "{98B8FD37-7161-4449-92B9-486115E2B22B}"
EndProject
Project("{FAE04EC0-301F-11D3-BF4B-00C04F79EFBC}") = "Lab3", "Lab3\Lab3.csproj", "{ADBCAAC6-D9E4-4812-86D6-C2A9B9F23997}"
EndProject
Project("{9A19103F-16F7-4668-BE54-9A1E7A4F7556}") = "Lab6_1", "Lab6_1\Lab6_1.csproj", "{AE3AFAED-E1F5-468D-ACCB-EA052003F060}"
EndProject
Project("{9A19103F-16F7-4668-BE54-9A1E7A4F7556}") = "Lab6_2", "Lab6_2\Lab6_2.csproj", "{D836F3BD-28C8-4A9C-8C41-092F8AA4EC7E}"
EndProject
Global
	GlobalSection(SolutionConfigurationPlatforms) = preSolution
		Debug|Any CPU = Debug|Any CPU
		Release|Any CPU = Release|Any CPU
	EndGlobalSection
	GlobalSection(ProjectConfigurationPlatforms) = postSolution
		{2D02A5C6-1885-411A-98C2-EE034CF1AD5B}.Debug|Any CPU.ActiveCfg = Debug|Any CPU
		{2D02A5C6-1885-411A-98C2-EE034CF1AD5B}.Debug|Any CPU.Build.0 = Debug|Any CPU
		{2D02A5C6-1885-411A-98C2-EE034CF1AD5B}.Release|Any CPU.ActiveCfg = Release|Any CPU
		{2D02A5C6-1885-411A-98C2-EE034CF1AD5B}.Release|Any CPU.Build.0 = Release|Any CPU
		{84AB3BC1-9EFC-4222-A8EB-9BC4376FE0B9}.Debug|Any CPU.ActiveCfg = Debug|Any CPU
		{84AB3BC1-9EFC-4222-A8EB-9BC4376FE0B9}.Debug|Any CPU.Build.0 = Debug|Any CPU
		{84AB3BC1-9EFC-4222-A8EB-9BC4376FE0B9}.Release|Any CPU.ActiveCfg = Release|Any CPU
		{84AB3BC1-9EFC-4222-A8EB-9BC4376FE0B9}.Release|Any CPU.Build.0 = Release|Any CPU
		{399E492B-A572-4D5E-A782-3F932F48669F}.Debug|Any CPU.ActiveCfg = Debug|Any CPU
		{399E492B-A572-4D5E-A782-3F932F48669F}.Debug|Any CPU.Build.0 = Debug|Any CPU
		{399E492B-A572-4D5E-A782-3F932F48669F}.Release|Any CPU.ActiveCfg = Release|Any CPU
		{399E492B-A572-4D5E-A782-3F932F48669F}.Release|Any CPU.Build.0 = Release|Any CPU
		{98B8FD37-7161-4449-92B9-486115E2B22B}.Debug|Any CPU.ActiveCfg = Debug|Any CPU
		{98B8FD37-7161-4449-92B9-486115E2B22B}.Debug|Any CPU.Build.0 = Debug|Any CPU
		{98B8FD37-7161-4449-92B9-486115E2B22B}.Release|Any CPU.ActiveCfg = Release|Any CPU
		{98B8FD37-7161-4449-92B9-486115E2B22B}.Release|Any CPU.Build.0 = Release|Any CPU
		{ADBCAAC6-D9E4-4812-86D6-C2A9B9F23997}.Debug|Any CPU.ActiveCfg = Debug|Any CPU
		{ADBCAAC6-D9E4-4812-86D6-C2A9B9F23997}.Debug|Any CPU.Build.0 = Debug|Any CPU
		{ADBCAAC6-D9E4-4812-86D6-C2A9B9F23997}.Release|Any CPU.ActiveCfg = Release|Any CPU
		{ADBCAAC6-D9E4-4812-86D6-C2A9B9F23997}.Release|Any CPU.Build.0 = Release|Any CPU
		{AE3AFAED-E1F5-468D-ACCB-EA052003F060}.Debug|Any CPU.ActiveCfg = Debug|Any CPU
		{AE3AFAED-E1F5-468D-ACCB-EA052003F060}.Debug|Any CPU.Build.0 = Debug|Any CPU
		{AE3AFAED-E1F5-468D-ACCB-EA052003F060}.Release|Any CPU.ActiveCfg = Release|Any CPU
		{AE3AFAED-E1F5-468D-ACCB-EA052003F060}.Release|Any CPU.Build.0 = Release|Any CPU
		{D836F3BD-28C8-4A9C-8C41-092F8AA4EC7E}.Debug|Any CPU.ActiveCfg = Debug|Any CPU
		{D836F3BD-28C8-4A9C-8C41-092F8AA4EC7E}.Debug|Any CPU.Build.0 = Debug|Any CPU
		{D836F3BD-28C8-4A9C-8C41-092F8AA4EC7E}.Release|Any CPU.ActiveCfg = Release|Any CPU
		{D836F3BD-28C8-4A9C-8C41-092F8AA4EC7E}.Release|Any CPU.Build.0 = Release|Any CPU
	EndGlobalSection
	GlobalSection(SolutionProperties) = preSolution
		HideSolutionNode = FALSE
	EndGlobalSection
	GlobalSection(ExtensibilityGlobals) = postSolution
		SolutionGuid = {E56AED6D-15DB-4812-B637-7139887C88D8}
	EndGlobalSection
EndGlobal
